// !$*UTF8*$!
{
	archiveVersion = 1;
	classes = {
	};
	objectVersion = 48;
	objects = {

/* Begin PBXBuildFile section */
		4D3C7A791D5BF6BD0006C7AE /* SimpleButtonModelCVCell.swift in Sources */ = {isa = PBXBuildFile; fileRef = 66AAF71E1D379D7C00A4B1FC /* SimpleButtonModelCVCell.swift */; };
		4D3C7A7A1D5BF79A0006C7AE /* SimpleButtonModel.swift in Sources */ = {isa = PBXBuildFile; fileRef = 66AAF7181D379D7C00A4B1FC /* SimpleButtonModel.swift */; };
		4D3C7A7B1D5BF8C90006C7AE /* SimpleButtonModelCVCell.xib in Resources */ = {isa = PBXBuildFile; fileRef = 4D3C7A771D5BEDB10006C7AE /* SimpleButtonModelCVCell.xib */; };
		4D3E212E1D6E3A91009F8E2B /* UIPheonix_RELEASE.xcconfig in Resources */ = {isa = PBXBuildFile; fileRef = 4D3E212C1D6E3A91009F8E2B /* UIPheonix_RELEASE.xcconfig */; };
		4D3E212F1D6E3A91009F8E2B /* UIPheonix_DEBUG.xcconfig in Resources */ = {isa = PBXBuildFile; fileRef = 4D3E212D1D6E3A91009F8E2B /* UIPheonix_DEBUG.xcconfig */; };
		4D6FADFB1D53E9B500A31C8F /* AppDelegate.swift in Sources */ = {isa = PBXBuildFile; fileRef = 4D6FADFA1D53E9B500A31C8F /* AppDelegate.swift */; };
		4D6FADFD1D53E9B500A31C8F /* ViewController.swift in Sources */ = {isa = PBXBuildFile; fileRef = 4D6FADFC1D53E9B500A31C8F /* ViewController.swift */; };
		4D6FADFF1D53E9B500A31C8F /* Assets.xcassets in Resources */ = {isa = PBXBuildFile; fileRef = 4D6FADFE1D53E9B500A31C8F /* Assets.xcassets */; };
		4D6FAE021D53E9B500A31C8F /* Main.storyboard in Resources */ = {isa = PBXBuildFile; fileRef = 4D6FAE001D53E9B500A31C8F /* Main.storyboard */; };
		4D74B2E61D53F23F00682A02 /* Enums.swift in Sources */ = {isa = PBXBuildFile; fileRef = 66AAF7161D379D7C00A4B1FC /* Enums.swift */; };
		4D74B2E91D53F24300682A02 /* SimpleLabelModel.swift in Sources */ = {isa = PBXBuildFile; fileRef = 66AAF7191D379D7C00A4B1FC /* SimpleLabelModel.swift */; };
		4D74B2F31D53F2AC00682A02 /* UIPheonix.swift in Sources */ = {isa = PBXBuildFile; fileRef = 66AAF6E71D379D6C00A4B1FC /* UIPheonix.swift */; };
		4D74B2F51D53F2AC00682A02 /* UIPBaseCVCellModel.swift in Sources */ = {isa = PBXBuildFile; fileRef = 66AAF6EB1D379D6C00A4B1FC /* UIPBaseCVCellModel.swift */; };
		4D74B2F61D53F2AC00682A02 /* UIPBaseCVCellProtocol.swift in Sources */ = {isa = PBXBuildFile; fileRef = 66AAF6ED1D379D6C00A4B1FC /* UIPBaseCVCellProtocol.swift */; };
		4D74B2F71D53F2AC00682A02 /* UIPDelegates.swift in Sources */ = {isa = PBXBuildFile; fileRef = 66AAF6EE1D379D6C00A4B1FC /* UIPDelegates.swift */; };
		4D74B2F81D53F2AC00682A02 /* UIPInstantiatable.swift in Sources */ = {isa = PBXBuildFile; fileRef = 66AAF6EF1D379D6C00A4B1FC /* UIPInstantiatable.swift */; };
		4D74B2F91D53F2AC00682A02 /* UIPBaseCVCellView.swift in Sources */ = {isa = PBXBuildFile; fileRef = 66AAF6F11D379D6C00A4B1FC /* UIPBaseCVCellView.swift */; };
		4D832C941D4FF9BA0066A989 /* SimpleTextFieldModelCVCell.xib in Resources */ = {isa = PBXBuildFile; fileRef = 4D832C931D4FF9BA0066A989 /* SimpleTextFieldModelCVCell.xib */; };
		4DA5F88F1D57CEF80049956B /* UIPMisc.swift in Sources */ = {isa = PBXBuildFile; fileRef = 4DA5F88E1D57CEF80049956B /* UIPMisc.swift */; };
		4DA5F8901D57CF540049956B /* DemoViewController.swift in Sources */ = {isa = PBXBuildFile; fileRef = 4DA5F88C1D57CEC50049956B /* DemoViewController.swift */; };
		4DA5F8911D57CF5E0049956B /* UIPMisc.swift in Sources */ = {isa = PBXBuildFile; fileRef = 4DA5F88E1D57CEF80049956B /* UIPMisc.swift */; };
		4DA5F8921D57CF5E0049956B /* UIPMisc.swift in Sources */ = {isa = PBXBuildFile; fileRef = 4DA5F88E1D57CEF80049956B /* UIPMisc.swift */; };
		4DA5F8951D57D31B0049956B /* CustomViewControllerPresentationAnimator.swift in Sources */ = {isa = PBXBuildFile; fileRef = 4DA5F8931D57D20F0049956B /* CustomViewControllerPresentationAnimator.swift */; };
		4DA5F8A71D57D4B10049956B /* DemoViewController.xib in Resources */ = {isa = PBXBuildFile; fileRef = 4DA5F8A61D57D4B10049956B /* DemoViewController.xib */; };
		4DA7D8821D51444500AA018F /* SimpleVerticalSpaceModelCVCell.xib in Resources */ = {isa = PBXBuildFile; fileRef = 4DA7D8811D51444500AA018F /* SimpleVerticalSpaceModelCVCell.xib */; };
		4DA7D88F1D51488E00AA018F /* SimpleCounterModelCVCell.xib in Resources */ = {isa = PBXBuildFile; fileRef = 4DA7D88E1D51488E00AA018F /* SimpleCounterModelCVCell.xib */; };
		4DA7D8911D514D5A00AA018F /* SimpleViewAnimationModelCVCell.xib in Resources */ = {isa = PBXBuildFile; fileRef = 4DA7D8901D514D5A00AA018F /* SimpleViewAnimationModelCVCell.xib */; };
		4DAB68F11D5E6D7600BFF15A /* SimpleVerticalSpaceModelCVCell.xib in Resources */ = {isa = PBXBuildFile; fileRef = 4DAB68F01D5E6D7600BFF15A /* SimpleVerticalSpaceModelCVCell.xib */; };
		4DAB68F21D5E6E3300BFF15A /* SimpleVerticalSpaceModel.swift in Sources */ = {isa = PBXBuildFile; fileRef = 66AAF71C1D379D7C00A4B1FC /* SimpleVerticalSpaceModel.swift */; };
		4DAB68F31D5E6E6100BFF15A /* SimpleVerticalSpaceModelCVCell.swift in Sources */ = {isa = PBXBuildFile; fileRef = 66AAF7221D379D7C00A4B1FC /* SimpleVerticalSpaceModelCVCell.swift */; };
		4DAB68F51D5E763200BFF15A /* SimpleTextFieldModelCVCell.xib in Resources */ = {isa = PBXBuildFile; fileRef = 4DAB68F41D5E763200BFF15A /* SimpleTextFieldModelCVCell.xib */; };
		4DAB68F61D5E77F600BFF15A /* SimpleTextFieldModel.swift in Sources */ = {isa = PBXBuildFile; fileRef = 66AAF71A1D379D7C00A4B1FC /* SimpleTextFieldModel.swift */; };
		4DAB68F71D5E77F900BFF15A /* SimpleTextFieldModelCVCell.swift in Sources */ = {isa = PBXBuildFile; fileRef = 66AAF7201D379D7C00A4B1FC /* SimpleTextFieldModelCVCell.swift */; };
		4DAB68F91D5E835100BFF15A /* SimpleCounterModelCVCell.xib in Resources */ = {isa = PBXBuildFile; fileRef = 4DAB68F81D5E835100BFF15A /* SimpleCounterModelCVCell.xib */; };
		4DAB68FA1D5E871D00BFF15A /* SimpleCounterModel.swift in Sources */ = {isa = PBXBuildFile; fileRef = 66AAF7481D37DA6700A4B1FC /* SimpleCounterModel.swift */; };
		4DAB68FB1D5E872000BFF15A /* SimpleCounterModelCVCell.swift in Sources */ = {isa = PBXBuildFile; fileRef = 66AAF74A1D37DA7100A4B1FC /* SimpleCounterModelCVCell.swift */; };
		4DBE5A7C1D626C82001ED6F5 /* SimpleViewAnimationModelCVCell.swift in Sources */ = {isa = PBXBuildFile; fileRef = 66AAF7211D379D7C00A4B1FC /* SimpleViewAnimationModelCVCell.swift */; };
		4DBE5A7D1D626C92001ED6F5 /* SimpleViewAnimationModel.swift in Sources */ = {isa = PBXBuildFile; fileRef = 66AAF71B1D379D7C00A4B1FC /* SimpleViewAnimationModel.swift */; };
		4DBE5A7F1D6271FF001ED6F5 /* SimpleViewAnimationModelCVCell.xib in Resources */ = {isa = PBXBuildFile; fileRef = 4DBE5A7E1D6271FF001ED6F5 /* SimpleViewAnimationModelCVCell.xib */; };
		4DC567021D593B98005A3F70 /* DisplayState-Animations.json in Resources */ = {isa = PBXBuildFile; fileRef = 4DA5F8971D57D4890049956B /* DisplayState-Animations.json */; };
		4DC567031D593B98005A3F70 /* DisplayState-Appending.json in Resources */ = {isa = PBXBuildFile; fileRef = 4DA5F8981D57D4890049956B /* DisplayState-Appending.json */; };
		4DC567041D593B98005A3F70 /* DisplayState-Mixed.json in Resources */ = {isa = PBXBuildFile; fileRef = 4DA5F8991D57D4890049956B /* DisplayState-Mixed.json */; };
		4DC567051D593B98005A3F70 /* DisplayState-Persistent.json in Resources */ = {isa = PBXBuildFile; fileRef = 4DA5F89A1D57D4890049956B /* DisplayState-Persistent.json */; };
		4DC567061D593B98005A3F70 /* DisplayState-Specific.json in Resources */ = {isa = PBXBuildFile; fileRef = 4DA5F89B1D57D4890049956B /* DisplayState-Specific.json */; };
		4DC567071D593B98005A3F70 /* DisplayState-StartUp.json in Resources */ = {isa = PBXBuildFile; fileRef = 4DA5F89C1D57D4890049956B /* DisplayState-StartUp.json */; };
		4DC567081D593B98005A3F70 /* DisplayState-Switching.json in Resources */ = {isa = PBXBuildFile; fileRef = 4DA5F89D1D57D4890049956B /* DisplayState-Switching.json */; };
		4DC5670A1D593C15005A3F70 /* SimpleLabelModelCVCell.xib in Resources */ = {isa = PBXBuildFile; fileRef = 4DC567091D593C15005A3F70 /* SimpleLabelModelCVCell.xib */; };
		4DC5670D1D59405F005A3F70 /* SimpleLabelModelCVCell.swift in Sources */ = {isa = PBXBuildFile; fileRef = 66AAF71F1D379D7C00A4B1FC /* SimpleLabelModelCVCell.swift */; };
		66100FD11D4574C9009B2555 /* SimpleButtonModelCVCell.xib in Resources */ = {isa = PBXBuildFile; fileRef = 66100FD01D4574C9009B2555 /* SimpleButtonModelCVCell.xib */; };
		66100FE91D457A76009B2555 /* DisplayState-Animations.json in Resources */ = {isa = PBXBuildFile; fileRef = 66100FE21D457A76009B2555 /* DisplayState-Animations.json */; };
		66100FEA1D457A76009B2555 /* DisplayState-Appending.json in Resources */ = {isa = PBXBuildFile; fileRef = 66100FE31D457A76009B2555 /* DisplayState-Appending.json */; };
		66100FEB1D457A76009B2555 /* DisplayState-Mixed.json in Resources */ = {isa = PBXBuildFile; fileRef = 66100FE41D457A76009B2555 /* DisplayState-Mixed.json */; };
		66100FEC1D457A76009B2555 /* DisplayState-Persistent.json in Resources */ = {isa = PBXBuildFile; fileRef = 66100FE51D457A76009B2555 /* DisplayState-Persistent.json */; };
		66100FED1D457A76009B2555 /* DisplayState-Specific.json in Resources */ = {isa = PBXBuildFile; fileRef = 66100FE61D457A76009B2555 /* DisplayState-Specific.json */; };
		66100FEE1D457A76009B2555 /* DisplayState-StartUp.json in Resources */ = {isa = PBXBuildFile; fileRef = 66100FE71D457A76009B2555 /* DisplayState-StartUp.json */; };
		66100FEF1D457A76009B2555 /* DisplayState-Switching.json in Resources */ = {isa = PBXBuildFile; fileRef = 66100FE81D457A76009B2555 /* DisplayState-Switching.json */; };
		66100FF01D457A83009B2555 /* DisplayState-Animations.json in Resources */ = {isa = PBXBuildFile; fileRef = 66100FD31D457A70009B2555 /* DisplayState-Animations.json */; };
		66100FF11D457A83009B2555 /* DisplayState-Appending.json in Resources */ = {isa = PBXBuildFile; fileRef = 66100FD41D457A70009B2555 /* DisplayState-Appending.json */; };
		66100FF21D457A83009B2555 /* DisplayState-Mixed.json in Resources */ = {isa = PBXBuildFile; fileRef = 66100FD51D457A70009B2555 /* DisplayState-Mixed.json */; };
		66100FF31D457A83009B2555 /* DisplayState-Persistent.json in Resources */ = {isa = PBXBuildFile; fileRef = 66100FD61D457A70009B2555 /* DisplayState-Persistent.json */; };
		66100FF41D457A84009B2555 /* DisplayState-Specific.json in Resources */ = {isa = PBXBuildFile; fileRef = 66100FD71D457A70009B2555 /* DisplayState-Specific.json */; };
		66100FF51D457A84009B2555 /* DisplayState-StartUp.json in Resources */ = {isa = PBXBuildFile; fileRef = 66100FD81D457A70009B2555 /* DisplayState-StartUp.json */; };
		66100FF61D457A84009B2555 /* DisplayState-Switching.json in Resources */ = {isa = PBXBuildFile; fileRef = 66100FD91D457A70009B2555 /* DisplayState-Switching.json */; };
		66847F571D3FAC9D00A0427A /* AppDelegate.swift in Sources */ = {isa = PBXBuildFile; fileRef = 66847F561D3FAC9D00A0427A /* AppDelegate.swift */; };
		66847F591D3FAC9D00A0427A /* ViewController.swift in Sources */ = {isa = PBXBuildFile; fileRef = 66847F581D3FAC9D00A0427A /* ViewController.swift */; };
		66847F5C1D3FAC9D00A0427A /* Main.storyboard in Resources */ = {isa = PBXBuildFile; fileRef = 66847F5A1D3FAC9D00A0427A /* Main.storyboard */; };
		66847F5E1D3FAC9D00A0427A /* Assets.xcassets in Resources */ = {isa = PBXBuildFile; fileRef = 66847F5D1D3FAC9D00A0427A /* Assets.xcassets */; };
		66847F671D3FAE9C00A0427A /* DemoViewController.swift in Sources */ = {isa = PBXBuildFile; fileRef = 66847F631D3FAD7400A0427A /* DemoViewController.swift */; };
		66847F691D3FAF4E00A0427A /* Enums.swift in Sources */ = {isa = PBXBuildFile; fileRef = 66AAF7161D379D7C00A4B1FC /* Enums.swift */; };
		66847F711D3FAF5900A0427A /* SimpleButtonModel.swift in Sources */ = {isa = PBXBuildFile; fileRef = 66AAF7181D379D7C00A4B1FC /* SimpleButtonModel.swift */; };
		66847F721D3FAF5900A0427A /* SimpleCounterModel.swift in Sources */ = {isa = PBXBuildFile; fileRef = 66AAF7481D37DA6700A4B1FC /* SimpleCounterModel.swift */; };
		66847F731D3FAF5900A0427A /* SimpleLabelModel.swift in Sources */ = {isa = PBXBuildFile; fileRef = 66AAF7191D379D7C00A4B1FC /* SimpleLabelModel.swift */; };
		66847F741D3FAF5900A0427A /* SimpleTextFieldModel.swift in Sources */ = {isa = PBXBuildFile; fileRef = 66AAF71A1D379D7C00A4B1FC /* SimpleTextFieldModel.swift */; };
		66847F751D3FAF5900A0427A /* SimpleViewAnimationModel.swift in Sources */ = {isa = PBXBuildFile; fileRef = 66AAF71B1D379D7C00A4B1FC /* SimpleViewAnimationModel.swift */; };
		66847F761D3FAF5900A0427A /* SimpleVerticalSpaceModel.swift in Sources */ = {isa = PBXBuildFile; fileRef = 66AAF71C1D379D7C00A4B1FC /* SimpleVerticalSpaceModel.swift */; };
		66847F771D3FAF5E00A0427A /* SimpleButtonModelCVCell.swift in Sources */ = {isa = PBXBuildFile; fileRef = 66AAF71E1D379D7C00A4B1FC /* SimpleButtonModelCVCell.swift */; };
		66847F791D3FAF5E00A0427A /* SimpleLabelModelCVCell.swift in Sources */ = {isa = PBXBuildFile; fileRef = 66AAF71F1D379D7C00A4B1FC /* SimpleLabelModelCVCell.swift */; };
		66847F7A1D3FAF5E00A0427A /* SimpleTextFieldModelCVCell.swift in Sources */ = {isa = PBXBuildFile; fileRef = 66AAF7201D379D7C00A4B1FC /* SimpleTextFieldModelCVCell.swift */; };
		66847F7B1D3FAF5E00A0427A /* SimpleViewAnimationModelCVCell.swift in Sources */ = {isa = PBXBuildFile; fileRef = 66AAF7211D379D7C00A4B1FC /* SimpleViewAnimationModelCVCell.swift */; };
		66847F7C1D3FAF5E00A0427A /* SimpleVerticalSpaceModelCVCell.swift in Sources */ = {isa = PBXBuildFile; fileRef = 66AAF7221D379D7C00A4B1FC /* SimpleVerticalSpaceModelCVCell.swift */; };
		66847F7D1D3FAF6500A0427A /* UIPheonix.swift in Sources */ = {isa = PBXBuildFile; fileRef = 66AAF6E71D379D6C00A4B1FC /* UIPheonix.swift */; };
		66847F7F1D3FAF6E00A0427A /* UIPBaseCVCellModel.swift in Sources */ = {isa = PBXBuildFile; fileRef = 66AAF6EB1D379D6C00A4B1FC /* UIPBaseCVCellModel.swift */; };
		66847F801D3FAF7300A0427A /* UIPBaseCVCellProtocol.swift in Sources */ = {isa = PBXBuildFile; fileRef = 66AAF6ED1D379D6C00A4B1FC /* UIPBaseCVCellProtocol.swift */; };
		66847F811D3FAF7300A0427A /* UIPDelegates.swift in Sources */ = {isa = PBXBuildFile; fileRef = 66AAF6EE1D379D6C00A4B1FC /* UIPDelegates.swift */; };
		66847F821D3FAF7300A0427A /* UIPInstantiatable.swift in Sources */ = {isa = PBXBuildFile; fileRef = 66AAF6EF1D379D6C00A4B1FC /* UIPInstantiatable.swift */; };
		66847F831D3FAF7600A0427A /* UIPBaseCVCellView.swift in Sources */ = {isa = PBXBuildFile; fileRef = 66AAF6F11D379D6C00A4B1FC /* UIPBaseCVCellView.swift */; };
		66847F841D3FB1CB00A0427A /* SimpleCounterModelCVCell.swift in Sources */ = {isa = PBXBuildFile; fileRef = 66AAF74A1D37DA7100A4B1FC /* SimpleCounterModelCVCell.swift */; };
		66AAF6F21D379D6C00A4B1FC /* UIPheonix.swift in Sources */ = {isa = PBXBuildFile; fileRef = 66AAF6E71D379D6C00A4B1FC /* UIPheonix.swift */; };
		66AAF6F41D379D6C00A4B1FC /* UIPBaseCVCellModel.swift in Sources */ = {isa = PBXBuildFile; fileRef = 66AAF6EB1D379D6C00A4B1FC /* UIPBaseCVCellModel.swift */; };
		66AAF6F51D379D6C00A4B1FC /* UIPBaseCVCellProtocol.swift in Sources */ = {isa = PBXBuildFile; fileRef = 66AAF6ED1D379D6C00A4B1FC /* UIPBaseCVCellProtocol.swift */; };
		66AAF6F61D379D6C00A4B1FC /* UIPDelegates.swift in Sources */ = {isa = PBXBuildFile; fileRef = 66AAF6EE1D379D6C00A4B1FC /* UIPDelegates.swift */; };
		66AAF6F71D379D6C00A4B1FC /* UIPInstantiatable.swift in Sources */ = {isa = PBXBuildFile; fileRef = 66AAF6EF1D379D6C00A4B1FC /* UIPInstantiatable.swift */; };
		66AAF6F81D379D6C00A4B1FC /* UIPBaseCVCellView.swift in Sources */ = {isa = PBXBuildFile; fileRef = 66AAF6F11D379D6C00A4B1FC /* UIPBaseCVCellView.swift */; };
		66AAF7261D379D7C00A4B1FC /* AppDelegate.swift in Sources */ = {isa = PBXBuildFile; fileRef = 66AAF6FE1D379D7C00A4B1FC /* AppDelegate.swift */; };
		66AAF7271D379D7C00A4B1FC /* Assets.xcassets in Resources */ = {isa = PBXBuildFile; fileRef = 66AAF6FF1D379D7C00A4B1FC /* Assets.xcassets */; };
		66AAF7281D379D7C00A4B1FC /* LaunchScreen.storyboard in Resources */ = {isa = PBXBuildFile; fileRef = 66AAF7001D379D7C00A4B1FC /* LaunchScreen.storyboard */; };
		66AAF7291D379D7C00A4B1FC /* Main.storyboard in Resources */ = {isa = PBXBuildFile; fileRef = 66AAF7021D379D7C00A4B1FC /* Main.storyboard */; };
		66AAF72A1D379D7C00A4B1FC /* DemoViewController.swift in Sources */ = {isa = PBXBuildFile; fileRef = 66AAF7041D379D7C00A4B1FC /* DemoViewController.swift */; };
		66AAF72C1D379D7C00A4B1FC /* DemoViewController.xib in Resources */ = {isa = PBXBuildFile; fileRef = 66AAF7071D379D7C00A4B1FC /* DemoViewController.xib */; };
		66AAF72D1D379D7C00A4B1FC /* SimpleButtonModelCVCell.xib in Resources */ = {isa = PBXBuildFile; fileRef = 66AAF7081D379D7C00A4B1FC /* SimpleButtonModelCVCell.xib */; };
		66AAF72E1D379D7C00A4B1FC /* SimpleLabelModelCVCell.xib in Resources */ = {isa = PBXBuildFile; fileRef = 66AAF7091D379D7C00A4B1FC /* SimpleLabelModelCVCell.xib */; };
		66AAF72F1D379D7C00A4B1FC /* SimpleTextFieldModelCVCell.xib in Resources */ = {isa = PBXBuildFile; fileRef = 66AAF70A1D379D7C00A4B1FC /* SimpleTextFieldModelCVCell.xib */; };
		66AAF7301D379D7C00A4B1FC /* SimpleViewAnimationModelCVCell.xib in Resources */ = {isa = PBXBuildFile; fileRef = 66AAF70B1D379D7C00A4B1FC /* SimpleViewAnimationModelCVCell.xib */; };
		66AAF7311D379D7C00A4B1FC /* SimpleVerticalSpaceModelCVCell.xib in Resources */ = {isa = PBXBuildFile; fileRef = 66AAF70C1D379D7C00A4B1FC /* SimpleVerticalSpaceModelCVCell.xib */; };
		66AAF7321D379D7C00A4B1FC /* ViewController.swift in Sources */ = {isa = PBXBuildFile; fileRef = 66AAF70D1D379D7C00A4B1FC /* ViewController.swift */; };
		66AAF7391D379D7C00A4B1FC /* Enums.swift in Sources */ = {isa = PBXBuildFile; fileRef = 66AAF7161D379D7C00A4B1FC /* Enums.swift */; };
		66AAF73A1D379D7C00A4B1FC /* SimpleButtonModel.swift in Sources */ = {isa = PBXBuildFile; fileRef = 66AAF7181D379D7C00A4B1FC /* SimpleButtonModel.swift */; };
		66AAF73B1D379D7C00A4B1FC /* SimpleLabelModel.swift in Sources */ = {isa = PBXBuildFile; fileRef = 66AAF7191D379D7C00A4B1FC /* SimpleLabelModel.swift */; };
		66AAF73C1D379D7C00A4B1FC /* SimpleTextFieldModel.swift in Sources */ = {isa = PBXBuildFile; fileRef = 66AAF71A1D379D7C00A4B1FC /* SimpleTextFieldModel.swift */; };
		66AAF73D1D379D7C00A4B1FC /* SimpleViewAnimationModel.swift in Sources */ = {isa = PBXBuildFile; fileRef = 66AAF71B1D379D7C00A4B1FC /* SimpleViewAnimationModel.swift */; };
		66AAF73E1D379D7C00A4B1FC /* SimpleVerticalSpaceModel.swift in Sources */ = {isa = PBXBuildFile; fileRef = 66AAF71C1D379D7C00A4B1FC /* SimpleVerticalSpaceModel.swift */; };
		66AAF73F1D379D7C00A4B1FC /* SimpleButtonModelCVCell.swift in Sources */ = {isa = PBXBuildFile; fileRef = 66AAF71E1D379D7C00A4B1FC /* SimpleButtonModelCVCell.swift */; };
		66AAF7401D379D7C00A4B1FC /* SimpleLabelModelCVCell.swift in Sources */ = {isa = PBXBuildFile; fileRef = 66AAF71F1D379D7C00A4B1FC /* SimpleLabelModelCVCell.swift */; };
		66AAF7411D379D7C00A4B1FC /* SimpleTextFieldModelCVCell.swift in Sources */ = {isa = PBXBuildFile; fileRef = 66AAF7201D379D7C00A4B1FC /* SimpleTextFieldModelCVCell.swift */; };
		66AAF7421D379D7C00A4B1FC /* SimpleViewAnimationModelCVCell.swift in Sources */ = {isa = PBXBuildFile; fileRef = 66AAF7211D379D7C00A4B1FC /* SimpleViewAnimationModelCVCell.swift */; };
		66AAF7431D379D7C00A4B1FC /* SimpleVerticalSpaceModelCVCell.swift in Sources */ = {isa = PBXBuildFile; fileRef = 66AAF7221D379D7C00A4B1FC /* SimpleVerticalSpaceModelCVCell.swift */; };
		66AAF7451D37D85500A4B1FC /* SimpleCounterModelCVCell.xib in Resources */ = {isa = PBXBuildFile; fileRef = 66AAF7441D37D85500A4B1FC /* SimpleCounterModelCVCell.xib */; };
		66AAF7491D37DA6700A4B1FC /* SimpleCounterModel.swift in Sources */ = {isa = PBXBuildFile; fileRef = 66AAF7481D37DA6700A4B1FC /* SimpleCounterModel.swift */; };
		66AAF74B1D37DA7100A4B1FC /* SimpleCounterModelCVCell.swift in Sources */ = {isa = PBXBuildFile; fileRef = 66AAF74A1D37DA7100A4B1FC /* SimpleCounterModelCVCell.swift */; };
		66DAE6CA1D411B5D00718125 /* DemoViewController.xib in Resources */ = {isa = PBXBuildFile; fileRef = 66DAE6C91D411B5D00718125 /* DemoViewController.xib */; };
		66DAE6CC1D41212100718125 /* SimpleLabelModelCVCell.xib in Resources */ = {isa = PBXBuildFile; fileRef = 66DAE6CB1D41212100718125 /* SimpleLabelModelCVCell.xib */; };
/* End PBXBuildFile section */

/* Begin PBXFileReference section */
		4D3C7A771D5BEDB10006C7AE /* SimpleButtonModelCVCell.xib */ = {isa = PBXFileReference; fileEncoding = 4; lastKnownFileType = file.xib; path = SimpleButtonModelCVCell.xib; sourceTree = "<group>"; };
		4D3E212C1D6E3A91009F8E2B /* UIPheonix_RELEASE.xcconfig */ = {isa = PBXFileReference; fileEncoding = 4; lastKnownFileType = text.xcconfig; path = UIPheonix_RELEASE.xcconfig; sourceTree = "<group>"; };
		4D3E212D1D6E3A91009F8E2B /* UIPheonix_DEBUG.xcconfig */ = {isa = PBXFileReference; fileEncoding = 4; lastKnownFileType = text.xcconfig; path = UIPheonix_DEBUG.xcconfig; sourceTree = "<group>"; };
		4D5439C71CA75C4500AA882D /* UIPheonixDemo-iOS.app */ = {isa = PBXFileReference; explicitFileType = wrapper.application; includeInIndex = 0; path = "UIPheonixDemo-iOS.app"; sourceTree = BUILT_PRODUCTS_DIR; };
		4D6FADF81D53E9B400A31C8F /* UIPheonixDemo-macOS.app */ = {isa = PBXFileReference; explicitFileType = wrapper.application; includeInIndex = 0; path = "UIPheonixDemo-macOS.app"; sourceTree = BUILT_PRODUCTS_DIR; };
		4D6FADFA1D53E9B500A31C8F /* AppDelegate.swift */ = {isa = PBXFileReference; lastKnownFileType = sourcecode.swift; path = AppDelegate.swift; sourceTree = "<group>"; };
		4D6FADFC1D53E9B500A31C8F /* ViewController.swift */ = {isa = PBXFileReference; lastKnownFileType = sourcecode.swift; path = ViewController.swift; sourceTree = "<group>"; };
		4D6FADFE1D53E9B500A31C8F /* Assets.xcassets */ = {isa = PBXFileReference; lastKnownFileType = folder.assetcatalog; path = Assets.xcassets; sourceTree = "<group>"; };
		4D6FAE011D53E9B500A31C8F /* Base */ = {isa = PBXFileReference; lastKnownFileType = file.storyboard; name = Base; path = Base.lproj/Main.storyboard; sourceTree = "<group>"; };
		4D6FAE031D53E9B500A31C8F /* Info.plist */ = {isa = PBXFileReference; lastKnownFileType = text.plist.xml; path = Info.plist; sourceTree = "<group>"; };
		4D832C931D4FF9BA0066A989 /* SimpleTextFieldModelCVCell.xib */ = {isa = PBXFileReference; fileEncoding = 4; lastKnownFileType = file.xib; path = SimpleTextFieldModelCVCell.xib; sourceTree = "<group>"; };
		4DA5F88C1D57CEC50049956B /* DemoViewController.swift */ = {isa = PBXFileReference; fileEncoding = 4; lastKnownFileType = sourcecode.swift; path = DemoViewController.swift; sourceTree = "<group>"; };
		4DA5F88E1D57CEF80049956B /* UIPMisc.swift */ = {isa = PBXFileReference; fileEncoding = 4; lastKnownFileType = sourcecode.swift; path = UIPMisc.swift; sourceTree = "<group>"; };
		4DA5F8931D57D20F0049956B /* CustomViewControllerPresentationAnimator.swift */ = {isa = PBXFileReference; fileEncoding = 4; lastKnownFileType = sourcecode.swift; path = CustomViewControllerPresentationAnimator.swift; sourceTree = "<group>"; };
		4DA5F8971D57D4890049956B /* DisplayState-Animations.json */ = {isa = PBXFileReference; fileEncoding = 4; lastKnownFileType = text.json; path = "DisplayState-Animations.json"; sourceTree = "<group>"; };
		4DA5F8981D57D4890049956B /* DisplayState-Appending.json */ = {isa = PBXFileReference; fileEncoding = 4; lastKnownFileType = text.json; path = "DisplayState-Appending.json"; sourceTree = "<group>"; };
		4DA5F8991D57D4890049956B /* DisplayState-Mixed.json */ = {isa = PBXFileReference; fileEncoding = 4; lastKnownFileType = text.json; path = "DisplayState-Mixed.json"; sourceTree = "<group>"; };
		4DA5F89A1D57D4890049956B /* DisplayState-Persistent.json */ = {isa = PBXFileReference; fileEncoding = 4; lastKnownFileType = text.json; path = "DisplayState-Persistent.json"; sourceTree = "<group>"; };
		4DA5F89B1D57D4890049956B /* DisplayState-Specific.json */ = {isa = PBXFileReference; fileEncoding = 4; lastKnownFileType = text.json; path = "DisplayState-Specific.json"; sourceTree = "<group>"; };
		4DA5F89C1D57D4890049956B /* DisplayState-StartUp.json */ = {isa = PBXFileReference; fileEncoding = 4; lastKnownFileType = text.json; path = "DisplayState-StartUp.json"; sourceTree = "<group>"; };
		4DA5F89D1D57D4890049956B /* DisplayState-Switching.json */ = {isa = PBXFileReference; fileEncoding = 4; lastKnownFileType = text.json; path = "DisplayState-Switching.json"; sourceTree = "<group>"; };
		4DA5F8A61D57D4B10049956B /* DemoViewController.xib */ = {isa = PBXFileReference; fileEncoding = 4; lastKnownFileType = file.xib; path = DemoViewController.xib; sourceTree = "<group>"; };
		4DA7D8811D51444500AA018F /* SimpleVerticalSpaceModelCVCell.xib */ = {isa = PBXFileReference; fileEncoding = 4; lastKnownFileType = file.xib; path = SimpleVerticalSpaceModelCVCell.xib; sourceTree = "<group>"; };
		4DA7D88E1D51488E00AA018F /* SimpleCounterModelCVCell.xib */ = {isa = PBXFileReference; fileEncoding = 4; lastKnownFileType = file.xib; path = SimpleCounterModelCVCell.xib; sourceTree = "<group>"; };
		4DA7D8901D514D5A00AA018F /* SimpleViewAnimationModelCVCell.xib */ = {isa = PBXFileReference; fileEncoding = 4; lastKnownFileType = file.xib; path = SimpleViewAnimationModelCVCell.xib; sourceTree = "<group>"; };
		4DAB68F01D5E6D7600BFF15A /* SimpleVerticalSpaceModelCVCell.xib */ = {isa = PBXFileReference; fileEncoding = 4; lastKnownFileType = file.xib; path = SimpleVerticalSpaceModelCVCell.xib; sourceTree = "<group>"; };
		4DAB68F41D5E763200BFF15A /* SimpleTextFieldModelCVCell.xib */ = {isa = PBXFileReference; fileEncoding = 4; lastKnownFileType = file.xib; path = SimpleTextFieldModelCVCell.xib; sourceTree = "<group>"; };
		4DAB68F81D5E835100BFF15A /* SimpleCounterModelCVCell.xib */ = {isa = PBXFileReference; fileEncoding = 4; lastKnownFileType = file.xib; path = SimpleCounterModelCVCell.xib; sourceTree = "<group>"; };
		4DBE5A7E1D6271FF001ED6F5 /* SimpleViewAnimationModelCVCell.xib */ = {isa = PBXFileReference; fileEncoding = 4; lastKnownFileType = file.xib; path = SimpleViewAnimationModelCVCell.xib; sourceTree = "<group>"; };
		4DC567091D593C15005A3F70 /* SimpleLabelModelCVCell.xib */ = {isa = PBXFileReference; fileEncoding = 4; lastKnownFileType = file.xib; path = SimpleLabelModelCVCell.xib; sourceTree = "<group>"; };
		66100FD01D4574C9009B2555 /* SimpleButtonModelCVCell.xib */ = {isa = PBXFileReference; fileEncoding = 4; lastKnownFileType = file.xib; path = SimpleButtonModelCVCell.xib; sourceTree = "<group>"; };
		66100FD31D457A70009B2555 /* DisplayState-Animations.json */ = {isa = PBXFileReference; fileEncoding = 4; lastKnownFileType = text.json; path = "DisplayState-Animations.json"; sourceTree = "<group>"; };
		66100FD41D457A70009B2555 /* DisplayState-Appending.json */ = {isa = PBXFileReference; fileEncoding = 4; lastKnownFileType = text.json; path = "DisplayState-Appending.json"; sourceTree = "<group>"; };
		66100FD51D457A70009B2555 /* DisplayState-Mixed.json */ = {isa = PBXFileReference; fileEncoding = 4; lastKnownFileType = text.json; path = "DisplayState-Mixed.json"; sourceTree = "<group>"; };
		66100FD61D457A70009B2555 /* DisplayState-Persistent.json */ = {isa = PBXFileReference; fileEncoding = 4; lastKnownFileType = text.json; path = "DisplayState-Persistent.json"; sourceTree = "<group>"; };
		66100FD71D457A70009B2555 /* DisplayState-Specific.json */ = {isa = PBXFileReference; fileEncoding = 4; lastKnownFileType = text.json; path = "DisplayState-Specific.json"; sourceTree = "<group>"; };
		66100FD81D457A70009B2555 /* DisplayState-StartUp.json */ = {isa = PBXFileReference; fileEncoding = 4; lastKnownFileType = text.json; path = "DisplayState-StartUp.json"; sourceTree = "<group>"; };
		66100FD91D457A70009B2555 /* DisplayState-Switching.json */ = {isa = PBXFileReference; fileEncoding = 4; lastKnownFileType = text.json; path = "DisplayState-Switching.json"; sourceTree = "<group>"; };
		66100FE21D457A76009B2555 /* DisplayState-Animations.json */ = {isa = PBXFileReference; fileEncoding = 4; lastKnownFileType = text.json; path = "DisplayState-Animations.json"; sourceTree = "<group>"; };
		66100FE31D457A76009B2555 /* DisplayState-Appending.json */ = {isa = PBXFileReference; fileEncoding = 4; lastKnownFileType = text.json; path = "DisplayState-Appending.json"; sourceTree = "<group>"; };
		66100FE41D457A76009B2555 /* DisplayState-Mixed.json */ = {isa = PBXFileReference; fileEncoding = 4; lastKnownFileType = text.json; path = "DisplayState-Mixed.json"; sourceTree = "<group>"; };
		66100FE51D457A76009B2555 /* DisplayState-Persistent.json */ = {isa = PBXFileReference; fileEncoding = 4; lastKnownFileType = text.json; path = "DisplayState-Persistent.json"; sourceTree = "<group>"; };
		66100FE61D457A76009B2555 /* DisplayState-Specific.json */ = {isa = PBXFileReference; fileEncoding = 4; lastKnownFileType = text.json; path = "DisplayState-Specific.json"; sourceTree = "<group>"; };
		66100FE71D457A76009B2555 /* DisplayState-StartUp.json */ = {isa = PBXFileReference; fileEncoding = 4; lastKnownFileType = text.json; path = "DisplayState-StartUp.json"; sourceTree = "<group>"; };
		66100FE81D457A76009B2555 /* DisplayState-Switching.json */ = {isa = PBXFileReference; fileEncoding = 4; lastKnownFileType = text.json; path = "DisplayState-Switching.json"; sourceTree = "<group>"; };
		66847F541D3FAC9D00A0427A /* UIPheonixDemo-tvOS.app */ = {isa = PBXFileReference; explicitFileType = wrapper.application; includeInIndex = 0; path = "UIPheonixDemo-tvOS.app"; sourceTree = BUILT_PRODUCTS_DIR; };
		66847F561D3FAC9D00A0427A /* AppDelegate.swift */ = {isa = PBXFileReference; lastKnownFileType = sourcecode.swift; path = AppDelegate.swift; sourceTree = "<group>"; };
		66847F581D3FAC9D00A0427A /* ViewController.swift */ = {isa = PBXFileReference; lastKnownFileType = sourcecode.swift; path = ViewController.swift; sourceTree = "<group>"; };
		66847F5B1D3FAC9D00A0427A /* Base */ = {isa = PBXFileReference; lastKnownFileType = file.storyboard; name = Base; path = Base.lproj/Main.storyboard; sourceTree = "<group>"; };
		66847F5D1D3FAC9D00A0427A /* Assets.xcassets */ = {isa = PBXFileReference; lastKnownFileType = folder.assetcatalog; path = Assets.xcassets; sourceTree = "<group>"; };
		66847F5F1D3FAC9D00A0427A /* Info.plist */ = {isa = PBXFileReference; lastKnownFileType = text.plist.xml; path = Info.plist; sourceTree = "<group>"; };
		66847F631D3FAD7400A0427A /* DemoViewController.swift */ = {isa = PBXFileReference; fileEncoding = 4; lastKnownFileType = sourcecode.swift; path = DemoViewController.swift; sourceTree = "<group>"; };
		66AAF6E71D379D6C00A4B1FC /* UIPheonix.swift */ = {isa = PBXFileReference; fileEncoding = 4; lastKnownFileType = sourcecode.swift; path = UIPheonix.swift; sourceTree = "<group>"; };
		66AAF6EB1D379D6C00A4B1FC /* UIPBaseCVCellModel.swift */ = {isa = PBXFileReference; fileEncoding = 4; lastKnownFileType = sourcecode.swift; path = UIPBaseCVCellModel.swift; sourceTree = "<group>"; };
		66AAF6ED1D379D6C00A4B1FC /* UIPBaseCVCellProtocol.swift */ = {isa = PBXFileReference; fileEncoding = 4; lastKnownFileType = sourcecode.swift; path = UIPBaseCVCellProtocol.swift; sourceTree = "<group>"; };
		66AAF6EE1D379D6C00A4B1FC /* UIPDelegates.swift */ = {isa = PBXFileReference; fileEncoding = 4; lastKnownFileType = sourcecode.swift; path = UIPDelegates.swift; sourceTree = "<group>"; };
		66AAF6EF1D379D6C00A4B1FC /* UIPInstantiatable.swift */ = {isa = PBXFileReference; fileEncoding = 4; lastKnownFileType = sourcecode.swift; path = UIPInstantiatable.swift; sourceTree = "<group>"; };
		66AAF6F11D379D6C00A4B1FC /* UIPBaseCVCellView.swift */ = {isa = PBXFileReference; fileEncoding = 4; lastKnownFileType = sourcecode.swift; path = UIPBaseCVCellView.swift; sourceTree = "<group>"; };
		66AAF6FE1D379D7C00A4B1FC /* AppDelegate.swift */ = {isa = PBXFileReference; fileEncoding = 4; lastKnownFileType = sourcecode.swift; path = AppDelegate.swift; sourceTree = "<group>"; };
		66AAF6FF1D379D7C00A4B1FC /* Assets.xcassets */ = {isa = PBXFileReference; lastKnownFileType = folder.assetcatalog; path = Assets.xcassets; sourceTree = "<group>"; };
		66AAF7011D379D7C00A4B1FC /* Base */ = {isa = PBXFileReference; lastKnownFileType = file.storyboard; name = Base; path = Base.lproj/LaunchScreen.storyboard; sourceTree = "<group>"; };
		66AAF7031D379D7C00A4B1FC /* Base */ = {isa = PBXFileReference; lastKnownFileType = file.storyboard; name = Base; path = Base.lproj/Main.storyboard; sourceTree = "<group>"; };
		66AAF7041D379D7C00A4B1FC /* DemoViewController.swift */ = {isa = PBXFileReference; fileEncoding = 4; lastKnownFileType = sourcecode.swift; path = DemoViewController.swift; sourceTree = "<group>"; };
		66AAF7051D379D7C00A4B1FC /* Info.plist */ = {isa = PBXFileReference; fileEncoding = 4; lastKnownFileType = text.plist.xml; path = Info.plist; sourceTree = "<group>"; };
		66AAF7071D379D7C00A4B1FC /* DemoViewController.xib */ = {isa = PBXFileReference; fileEncoding = 4; lastKnownFileType = file.xib; path = DemoViewController.xib; sourceTree = "<group>"; };
		66AAF7081D379D7C00A4B1FC /* SimpleButtonModelCVCell.xib */ = {isa = PBXFileReference; fileEncoding = 4; lastKnownFileType = file.xib; path = SimpleButtonModelCVCell.xib; sourceTree = "<group>"; };
		66AAF7091D379D7C00A4B1FC /* SimpleLabelModelCVCell.xib */ = {isa = PBXFileReference; fileEncoding = 4; lastKnownFileType = file.xib; path = SimpleLabelModelCVCell.xib; sourceTree = "<group>"; };
		66AAF70A1D379D7C00A4B1FC /* SimpleTextFieldModelCVCell.xib */ = {isa = PBXFileReference; fileEncoding = 4; lastKnownFileType = file.xib; path = SimpleTextFieldModelCVCell.xib; sourceTree = "<group>"; };
		66AAF70B1D379D7C00A4B1FC /* SimpleViewAnimationModelCVCell.xib */ = {isa = PBXFileReference; fileEncoding = 4; lastKnownFileType = file.xib; path = SimpleViewAnimationModelCVCell.xib; sourceTree = "<group>"; };
		66AAF70C1D379D7C00A4B1FC /* SimpleVerticalSpaceModelCVCell.xib */ = {isa = PBXFileReference; fileEncoding = 4; lastKnownFileType = file.xib; path = SimpleVerticalSpaceModelCVCell.xib; sourceTree = "<group>"; };
		66AAF70D1D379D7C00A4B1FC /* ViewController.swift */ = {isa = PBXFileReference; fileEncoding = 4; lastKnownFileType = sourcecode.swift; path = ViewController.swift; sourceTree = "<group>"; };
		66AAF7161D379D7C00A4B1FC /* Enums.swift */ = {isa = PBXFileReference; fileEncoding = 4; lastKnownFileType = sourcecode.swift; path = Enums.swift; sourceTree = "<group>"; };
		66AAF7181D379D7C00A4B1FC /* SimpleButtonModel.swift */ = {isa = PBXFileReference; fileEncoding = 4; lastKnownFileType = sourcecode.swift; path = SimpleButtonModel.swift; sourceTree = "<group>"; };
		66AAF7191D379D7C00A4B1FC /* SimpleLabelModel.swift */ = {isa = PBXFileReference; fileEncoding = 4; lastKnownFileType = sourcecode.swift; path = SimpleLabelModel.swift; sourceTree = "<group>"; };
		66AAF71A1D379D7C00A4B1FC /* SimpleTextFieldModel.swift */ = {isa = PBXFileReference; fileEncoding = 4; lastKnownFileType = sourcecode.swift; path = SimpleTextFieldModel.swift; sourceTree = "<group>"; };
		66AAF71B1D379D7C00A4B1FC /* SimpleViewAnimationModel.swift */ = {isa = PBXFileReference; fileEncoding = 4; lastKnownFileType = sourcecode.swift; path = SimpleViewAnimationModel.swift; sourceTree = "<group>"; };
		66AAF71C1D379D7C00A4B1FC /* SimpleVerticalSpaceModel.swift */ = {isa = PBXFileReference; fileEncoding = 4; lastKnownFileType = sourcecode.swift; path = SimpleVerticalSpaceModel.swift; sourceTree = "<group>"; };
		66AAF71E1D379D7C00A4B1FC /* SimpleButtonModelCVCell.swift */ = {isa = PBXFileReference; fileEncoding = 4; lastKnownFileType = sourcecode.swift; path = SimpleButtonModelCVCell.swift; sourceTree = "<group>"; };
		66AAF71F1D379D7C00A4B1FC /* SimpleLabelModelCVCell.swift */ = {isa = PBXFileReference; fileEncoding = 4; lastKnownFileType = sourcecode.swift; path = SimpleLabelModelCVCell.swift; sourceTree = "<group>"; };
		66AAF7201D379D7C00A4B1FC /* SimpleTextFieldModelCVCell.swift */ = {isa = PBXFileReference; fileEncoding = 4; lastKnownFileType = sourcecode.swift; path = SimpleTextFieldModelCVCell.swift; sourceTree = "<group>"; };
		66AAF7211D379D7C00A4B1FC /* SimpleViewAnimationModelCVCell.swift */ = {isa = PBXFileReference; fileEncoding = 4; lastKnownFileType = sourcecode.swift; path = SimpleViewAnimationModelCVCell.swift; sourceTree = "<group>"; };
		66AAF7221D379D7C00A4B1FC /* SimpleVerticalSpaceModelCVCell.swift */ = {isa = PBXFileReference; fileEncoding = 4; lastKnownFileType = sourcecode.swift; path = SimpleVerticalSpaceModelCVCell.swift; sourceTree = "<group>"; };
		66AAF7441D37D85500A4B1FC /* SimpleCounterModelCVCell.xib */ = {isa = PBXFileReference; fileEncoding = 4; lastKnownFileType = file.xib; path = SimpleCounterModelCVCell.xib; sourceTree = "<group>"; };
		66AAF7481D37DA6700A4B1FC /* SimpleCounterModel.swift */ = {isa = PBXFileReference; fileEncoding = 4; lastKnownFileType = sourcecode.swift; path = SimpleCounterModel.swift; sourceTree = "<group>"; };
		66AAF74A1D37DA7100A4B1FC /* SimpleCounterModelCVCell.swift */ = {isa = PBXFileReference; fileEncoding = 4; lastKnownFileType = sourcecode.swift; path = SimpleCounterModelCVCell.swift; sourceTree = "<group>"; };
		66DAE6C91D411B5D00718125 /* DemoViewController.xib */ = {isa = PBXFileReference; fileEncoding = 4; lastKnownFileType = file.xib; path = DemoViewController.xib; sourceTree = "<group>"; };
		66DAE6CB1D41212100718125 /* SimpleLabelModelCVCell.xib */ = {isa = PBXFileReference; fileEncoding = 4; lastKnownFileType = file.xib; path = SimpleLabelModelCVCell.xib; sourceTree = "<group>"; };
/* End PBXFileReference section */

/* Begin PBXFrameworksBuildPhase section */
		4D5439C41CA75C4500AA882D /* Frameworks */ = {
			isa = PBXFrameworksBuildPhase;
			buildActionMask = 2147483647;
			files = (
			);
			runOnlyForDeploymentPostprocessing = 0;
		};
		4D6FADF51D53E9B400A31C8F /* Frameworks */ = {
			isa = PBXFrameworksBuildPhase;
			buildActionMask = 2147483647;
			files = (
			);
			runOnlyForDeploymentPostprocessing = 0;
		};
		66847F511D3FAC9D00A0427A /* Frameworks */ = {
			isa = PBXFrameworksBuildPhase;
			buildActionMask = 2147483647;
			files = (
			);
			runOnlyForDeploymentPostprocessing = 0;
		};
/* End PBXFrameworksBuildPhase section */

/* Begin PBXGroup section */
		4D5439BE1CA75C4500AA882D = {
			isa = PBXGroup;
			children = (
				4D3E212D1D6E3A91009F8E2B /* UIPheonix_DEBUG.xcconfig */,
				4D3E212C1D6E3A91009F8E2B /* UIPheonix_RELEASE.xcconfig */,
				66AAF6F91D379D7C00A4B1FC /* Demo */,
				66AAF6E51D379D6C00A4B1FC /* UIPheonix */,
				4D5439C81CA75C4500AA882D /* Products */,
			);
			sourceTree = "<group>";
		};
		4D5439C81CA75C4500AA882D /* Products */ = {
			isa = PBXGroup;
			children = (
				4D5439C71CA75C4500AA882D /* UIPheonixDemo-iOS.app */,
				66847F541D3FAC9D00A0427A /* UIPheonixDemo-tvOS.app */,
				4D6FADF81D53E9B400A31C8F /* UIPheonixDemo-macOS.app */,
			);
			name = Products;
			sourceTree = "<group>";
		};
		4D6FADF91D53E9B500A31C8F /* macOS */ = {
			isa = PBXGroup;
			children = (
				4D6FADFA1D53E9B500A31C8F /* AppDelegate.swift */,
				4D6FADFC1D53E9B500A31C8F /* ViewController.swift */,
				4DA5F88C1D57CEC50049956B /* DemoViewController.swift */,
				4DA5F8931D57D20F0049956B /* CustomViewControllerPresentationAnimator.swift */,
				4D6FADFE1D53E9B500A31C8F /* Assets.xcassets */,
				4D6FAE001D53E9B500A31C8F /* Main.storyboard */,
				4D6FAE031D53E9B500A31C8F /* Info.plist */,
				4DA5F8961D57D4890049956B /* Data */,
				4DA5F89E1D57D4890049956B /* Resources */,
			);
			path = macOS;
			sourceTree = "<group>";
		};
		4DA5F8961D57D4890049956B /* Data */ = {
			isa = PBXGroup;
			children = (
				4DA5F8971D57D4890049956B /* DisplayState-Animations.json */,
				4DA5F8981D57D4890049956B /* DisplayState-Appending.json */,
				4DA5F8991D57D4890049956B /* DisplayState-Mixed.json */,
				4DA5F89A1D57D4890049956B /* DisplayState-Persistent.json */,
				4DA5F89B1D57D4890049956B /* DisplayState-Specific.json */,
				4DA5F89C1D57D4890049956B /* DisplayState-StartUp.json */,
				4DA5F89D1D57D4890049956B /* DisplayState-Switching.json */,
			);
			path = Data;
			sourceTree = "<group>";
		};
		4DA5F89E1D57D4890049956B /* Resources */ = {
			isa = PBXGroup;
			children = (
				4DA5F8A61D57D4B10049956B /* DemoViewController.xib */,
				4D3C7A771D5BEDB10006C7AE /* SimpleButtonModelCVCell.xib */,
				4DAB68F81D5E835100BFF15A /* SimpleCounterModelCVCell.xib */,
				4DC567091D593C15005A3F70 /* SimpleLabelModelCVCell.xib */,
				4DAB68F41D5E763200BFF15A /* SimpleTextFieldModelCVCell.xib */,
				4DAB68F01D5E6D7600BFF15A /* SimpleVerticalSpaceModelCVCell.xib */,
				4DBE5A7E1D6271FF001ED6F5 /* SimpleViewAnimationModelCVCell.xib */,
			);
			path = Resources;
			sourceTree = "<group>";
		};
		66100FD21D457A70009B2555 /* Data */ = {
			isa = PBXGroup;
			children = (
				66100FD31D457A70009B2555 /* DisplayState-Animations.json */,
				66100FD41D457A70009B2555 /* DisplayState-Appending.json */,
				66100FD51D457A70009B2555 /* DisplayState-Mixed.json */,
				66100FD61D457A70009B2555 /* DisplayState-Persistent.json */,
				66100FD71D457A70009B2555 /* DisplayState-Specific.json */,
				66100FD81D457A70009B2555 /* DisplayState-StartUp.json */,
				66100FD91D457A70009B2555 /* DisplayState-Switching.json */,
			);
			path = Data;
			sourceTree = "<group>";
		};
		66100FE11D457A76009B2555 /* Data */ = {
			isa = PBXGroup;
			children = (
				66100FE21D457A76009B2555 /* DisplayState-Animations.json */,
				66100FE31D457A76009B2555 /* DisplayState-Appending.json */,
				66100FE41D457A76009B2555 /* DisplayState-Mixed.json */,
				66100FE51D457A76009B2555 /* DisplayState-Persistent.json */,
				66100FE61D457A76009B2555 /* DisplayState-Specific.json */,
				66100FE71D457A76009B2555 /* DisplayState-StartUp.json */,
				66100FE81D457A76009B2555 /* DisplayState-Switching.json */,
			);
			path = Data;
			sourceTree = "<group>";
		};
		66847F551D3FAC9D00A0427A /* tvOS */ = {
			isa = PBXGroup;
			children = (
				66847F561D3FAC9D00A0427A /* AppDelegate.swift */,
				66847F581D3FAC9D00A0427A /* ViewController.swift */,
				66847F631D3FAD7400A0427A /* DemoViewController.swift */,
				66847F5D1D3FAC9D00A0427A /* Assets.xcassets */,
				66847F5A1D3FAC9D00A0427A /* Main.storyboard */,
				66847F5F1D3FAC9D00A0427A /* Info.plist */,
				66100FE11D457A76009B2555 /* Data */,
				66847F681D3FAF4000A0427A /* Resources */,
			);
			path = tvOS;
			sourceTree = "<group>";
		};
		66847F681D3FAF4000A0427A /* Resources */ = {
			isa = PBXGroup;
			children = (
				66DAE6C91D411B5D00718125 /* DemoViewController.xib */,
				66100FD01D4574C9009B2555 /* SimpleButtonModelCVCell.xib */,
				4DA7D88E1D51488E00AA018F /* SimpleCounterModelCVCell.xib */,
				66DAE6CB1D41212100718125 /* SimpleLabelModelCVCell.xib */,
				4D832C931D4FF9BA0066A989 /* SimpleTextFieldModelCVCell.xib */,
				4DA7D8811D51444500AA018F /* SimpleVerticalSpaceModelCVCell.xib */,
				4DA7D8901D514D5A00AA018F /* SimpleViewAnimationModelCVCell.xib */,
			);
			path = Resources;
			sourceTree = "<group>";
		};
		66AAF6E51D379D6C00A4B1FC /* UIPheonix */ = {
			isa = PBXGroup;
			children = (
				66AAF6E61D379D6C00A4B1FC /* Core */,
				66AAF6EA1D379D6C00A4B1FC /* Models */,
				66AAF6EC1D379D6C00A4B1FC /* Protocols */,
				66AAF6F01D379D6C00A4B1FC /* Views */,
			);
			name = UIPheonix;
			path = ../UIPheonix;
			sourceTree = "<group>";
		};
		66AAF6E61D379D6C00A4B1FC /* Core */ = {
			isa = PBXGroup;
			children = (
				66AAF6E71D379D6C00A4B1FC /* UIPheonix.swift */,
				4DA5F88E1D57CEF80049956B /* UIPMisc.swift */,
			);
			path = Core;
			sourceTree = "<group>";
		};
		66AAF6EA1D379D6C00A4B1FC /* Models */ = {
			isa = PBXGroup;
			children = (
				66AAF6EB1D379D6C00A4B1FC /* UIPBaseCVCellModel.swift */,
			);
			path = Models;
			sourceTree = "<group>";
		};
		66AAF6EC1D379D6C00A4B1FC /* Protocols */ = {
			isa = PBXGroup;
			children = (
				66AAF6ED1D379D6C00A4B1FC /* UIPBaseCVCellProtocol.swift */,
				66AAF6EE1D379D6C00A4B1FC /* UIPDelegates.swift */,
				66AAF6EF1D379D6C00A4B1FC /* UIPInstantiatable.swift */,
			);
			path = Protocols;
			sourceTree = "<group>";
		};
		66AAF6F01D379D6C00A4B1FC /* Views */ = {
			isa = PBXGroup;
			children = (
				66AAF6F11D379D6C00A4B1FC /* UIPBaseCVCellView.swift */,
			);
			path = Views;
			sourceTree = "<group>";
		};
		66AAF6F91D379D7C00A4B1FC /* Demo */ = {
			isa = PBXGroup;
			children = (
				4D6FADF91D53E9B500A31C8F /* macOS */,
				66AAF6FD1D379D7C00A4B1FC /* iOS */,
				66847F551D3FAC9D00A0427A /* tvOS */,
				66AAF70E1D379D7C00A4B1FC /* Shared */,
			);
			name = Demo;
			sourceTree = "<group>";
		};
		66AAF6FD1D379D7C00A4B1FC /* iOS */ = {
			isa = PBXGroup;
			children = (
				66AAF6FE1D379D7C00A4B1FC /* AppDelegate.swift */,
				66AAF70D1D379D7C00A4B1FC /* ViewController.swift */,
				66AAF7041D379D7C00A4B1FC /* DemoViewController.swift */,
				66AAF6FF1D379D7C00A4B1FC /* Assets.xcassets */,
				66AAF7001D379D7C00A4B1FC /* LaunchScreen.storyboard */,
				66AAF7021D379D7C00A4B1FC /* Main.storyboard */,
				66AAF7051D379D7C00A4B1FC /* Info.plist */,
				66100FD21D457A70009B2555 /* Data */,
				66AAF7061D379D7C00A4B1FC /* Resources */,
			);
			path = iOS;
			sourceTree = "<group>";
		};
		66AAF7061D379D7C00A4B1FC /* Resources */ = {
			isa = PBXGroup;
			children = (
				66AAF7071D379D7C00A4B1FC /* DemoViewController.xib */,
				66AAF7081D379D7C00A4B1FC /* SimpleButtonModelCVCell.xib */,
				66AAF7441D37D85500A4B1FC /* SimpleCounterModelCVCell.xib */,
				66AAF7091D379D7C00A4B1FC /* SimpleLabelModelCVCell.xib */,
				66AAF70A1D379D7C00A4B1FC /* SimpleTextFieldModelCVCell.xib */,
				66AAF70C1D379D7C00A4B1FC /* SimpleVerticalSpaceModelCVCell.xib */,
				66AAF70B1D379D7C00A4B1FC /* SimpleViewAnimationModelCVCell.xib */,
			);
			path = Resources;
			sourceTree = "<group>";
		};
		66AAF70E1D379D7C00A4B1FC /* Shared */ = {
			isa = PBXGroup;
			children = (
				66AAF7161D379D7C00A4B1FC /* Enums.swift */,
				66AAF7171D379D7C00A4B1FC /* Models */,
				66AAF71D1D379D7C00A4B1FC /* Views */,
			);
			path = Shared;
			sourceTree = "<group>";
		};
		66AAF7171D379D7C00A4B1FC /* Models */ = {
			isa = PBXGroup;
			children = (
				66AAF7181D379D7C00A4B1FC /* SimpleButtonModel.swift */,
				66AAF7481D37DA6700A4B1FC /* SimpleCounterModel.swift */,
				66AAF7191D379D7C00A4B1FC /* SimpleLabelModel.swift */,
				66AAF71A1D379D7C00A4B1FC /* SimpleTextFieldModel.swift */,
				66AAF71B1D379D7C00A4B1FC /* SimpleViewAnimationModel.swift */,
				66AAF71C1D379D7C00A4B1FC /* SimpleVerticalSpaceModel.swift */,
			);
			path = Models;
			sourceTree = "<group>";
		};
		66AAF71D1D379D7C00A4B1FC /* Views */ = {
			isa = PBXGroup;
			children = (
				66AAF71E1D379D7C00A4B1FC /* SimpleButtonModelCVCell.swift */,
				66AAF74A1D37DA7100A4B1FC /* SimpleCounterModelCVCell.swift */,
				66AAF71F1D379D7C00A4B1FC /* SimpleLabelModelCVCell.swift */,
				66AAF7201D379D7C00A4B1FC /* SimpleTextFieldModelCVCell.swift */,
				66AAF7221D379D7C00A4B1FC /* SimpleVerticalSpaceModelCVCell.swift */,
				66AAF7211D379D7C00A4B1FC /* SimpleViewAnimationModelCVCell.swift */,
			);
			path = Views;
			sourceTree = "<group>";
		};
/* End PBXGroup section */

/* Begin PBXNativeTarget section */
		4D5439C61CA75C4500AA882D /* UIPheonixDemo-iOS */ = {
			isa = PBXNativeTarget;
			buildConfigurationList = 4D5439EF1CA75C4600AA882D /* Build configuration list for PBXNativeTarget "UIPheonixDemo-iOS" */;
			buildPhases = (
				4D5439C31CA75C4500AA882D /* Sources */,
				4D5439C41CA75C4500AA882D /* Frameworks */,
				4D5439C51CA75C4500AA882D /* Resources */,
			);
			buildRules = (
			);
			dependencies = (
			);
			name = "UIPheonixDemo-iOS";
			productName = UIPheonix;
			productReference = 4D5439C71CA75C4500AA882D /* UIPheonixDemo-iOS.app */;
			productType = "com.apple.product-type.application";
		};
		4D6FADF71D53E9B400A31C8F /* UIPheonixDemo-macOS */ = {
			isa = PBXNativeTarget;
			buildConfigurationList = 4D6FAE061D53E9B500A31C8F /* Build configuration list for PBXNativeTarget "UIPheonixDemo-macOS" */;
			buildPhases = (
				4D6FADF41D53E9B400A31C8F /* Sources */,
				4D6FADF51D53E9B400A31C8F /* Frameworks */,
				4D6FADF61D53E9B400A31C8F /* Resources */,
			);
			buildRules = (
			);
			dependencies = (
			);
			name = "UIPheonixDemo-macOS";
			productName = "UIPheonixDemo-macOS";
			productReference = 4D6FADF81D53E9B400A31C8F /* UIPheonixDemo-macOS.app */;
			productType = "com.apple.product-type.application";
		};
		66847F531D3FAC9D00A0427A /* UIPheonixDemo-tvOS */ = {
			isa = PBXNativeTarget;
			buildConfigurationList = 66847F621D3FAC9D00A0427A /* Build configuration list for PBXNativeTarget "UIPheonixDemo-tvOS" */;
			buildPhases = (
				66847F501D3FAC9D00A0427A /* Sources */,
				66847F511D3FAC9D00A0427A /* Frameworks */,
				66847F521D3FAC9D00A0427A /* Resources */,
			);
			buildRules = (
			);
			dependencies = (
			);
			name = "UIPheonixDemo-tvOS";
			productName = "UIPheonixDemo-tvOS";
			productReference = 66847F541D3FAC9D00A0427A /* UIPheonixDemo-tvOS.app */;
			productType = "com.apple.product-type.application";
		};
/* End PBXNativeTarget section */

/* Begin PBXProject section */
		4D5439BF1CA75C4500AA882D /* Project object */ = {
			isa = PBXProject;
			attributes = {
				CLASSPREFIX = UIP;
				LastSwiftUpdateCheck = 0800;
				LastUpgradeCheck = 0800;
				ORGANIZATIONNAME = "Mohsan Khan";
				TargetAttributes = {
					4D5439C61CA75C4500AA882D = {
						CreatedOnToolsVersion = 7.3;
						LastSwiftMigration = 0800;
						ProvisioningStyle = Manual;
					};
					4D6FADF71D53E9B400A31C8F = {
						CreatedOnToolsVersion = 8.0;
						LastSwiftMigration = 0800;
						ProvisioningStyle = Automatic;
					};
					66847F531D3FAC9D00A0427A = {
						CreatedOnToolsVersion = 8.0;
						DevelopmentTeam = 76C479XDTD;
						DevelopmentTeamName = "MOHSIN KHAN";
						LastSwiftMigration = 0800;
						ProvisioningStyle = Manual;
					};
				};
			};
			buildConfigurationList = 4D5439C21CA75C4500AA882D /* Build configuration list for PBXProject "UIPheonixDemo" */;
			compatibilityVersion = "Xcode 8.0";
			developmentRegion = English;
			hasScannedForEncodings = 0;
			knownRegions = (
				en,
				Base,
			);
			mainGroup = 4D5439BE1CA75C4500AA882D;
			productRefGroup = 4D5439C81CA75C4500AA882D /* Products */;
			projectDirPath = "";
			projectRoot = "";
			targets = (
				4D6FADF71D53E9B400A31C8F /* UIPheonixDemo-macOS */,
				4D5439C61CA75C4500AA882D /* UIPheonixDemo-iOS */,
				66847F531D3FAC9D00A0427A /* UIPheonixDemo-tvOS */,
			);
		};
/* End PBXProject section */

/* Begin PBXResourcesBuildPhase section */
		4D5439C51CA75C4500AA882D /* Resources */ = {
			isa = PBXResourcesBuildPhase;
			buildActionMask = 2147483647;
			files = (
				66AAF7291D379D7C00A4B1FC /* Main.storyboard in Resources */,
				66AAF7451D37D85500A4B1FC /* SimpleCounterModelCVCell.xib in Resources */,
				66AAF7271D379D7C00A4B1FC /* Assets.xcassets in Resources */,
				66100FF31D457A83009B2555 /* DisplayState-Persistent.json in Resources */,
				66100FF61D457A84009B2555 /* DisplayState-Switching.json in Resources */,
				66AAF7311D379D7C00A4B1FC /* SimpleVerticalSpaceModelCVCell.xib in Resources */,
				66AAF7281D379D7C00A4B1FC /* LaunchScreen.storyboard in Resources */,
				66AAF7301D379D7C00A4B1FC /* SimpleViewAnimationModelCVCell.xib in Resources */,
				66100FF01D457A83009B2555 /* DisplayState-Animations.json in Resources */,
				66100FF51D457A84009B2555 /* DisplayState-StartUp.json in Resources */,
				66AAF72F1D379D7C00A4B1FC /* SimpleTextFieldModelCVCell.xib in Resources */,
				66100FF21D457A83009B2555 /* DisplayState-Mixed.json in Resources */,
				66100FF41D457A84009B2555 /* DisplayState-Specific.json in Resources */,
				66AAF72D1D379D7C00A4B1FC /* SimpleButtonModelCVCell.xib in Resources */,
				66100FF11D457A83009B2555 /* DisplayState-Appending.json in Resources */,
				66AAF72E1D379D7C00A4B1FC /* SimpleLabelModelCVCell.xib in Resources */,
				66AAF72C1D379D7C00A4B1FC /* DemoViewController.xib in Resources */,
			);
			runOnlyForDeploymentPostprocessing = 0;
		};
		4D6FADF61D53E9B400A31C8F /* Resources */ = {
			isa = PBXResourcesBuildPhase;
			buildActionMask = 2147483647;
			files = (
				4D6FADFF1D53E9B500A31C8F /* Assets.xcassets in Resources */,
				4DA5F8A71D57D4B10049956B /* DemoViewController.xib in Resources */,
				4DC567041D593B98005A3F70 /* DisplayState-Mixed.json in Resources */,
				4DAB68F11D5E6D7600BFF15A /* SimpleVerticalSpaceModelCVCell.xib in Resources */,
				4DC567081D593B98005A3F70 /* DisplayState-Switching.json in Resources */,
				4D3C7A7B1D5BF8C90006C7AE /* SimpleButtonModelCVCell.xib in Resources */,
				4DAB68F91D5E835100BFF15A /* SimpleCounterModelCVCell.xib in Resources */,
				4DC567051D593B98005A3F70 /* DisplayState-Persistent.json in Resources */,
				4DC567061D593B98005A3F70 /* DisplayState-Specific.json in Resources */,
				4D6FAE021D53E9B500A31C8F /* Main.storyboard in Resources */,
				4DBE5A7F1D6271FF001ED6F5 /* SimpleViewAnimationModelCVCell.xib in Resources */,
				4DC567071D593B98005A3F70 /* DisplayState-StartUp.json in Resources */,
				4DC567021D593B98005A3F70 /* DisplayState-Animations.json in Resources */,
				4DC5670A1D593C15005A3F70 /* SimpleLabelModelCVCell.xib in Resources */,
				4D3E212F1D6E3A91009F8E2B /* UIPheonix_DEBUG.xcconfig in Resources */,
				4D3E212E1D6E3A91009F8E2B /* UIPheonix_RELEASE.xcconfig in Resources */,
				4DAB68F51D5E763200BFF15A /* SimpleTextFieldModelCVCell.xib in Resources */,
				4DC567031D593B98005A3F70 /* DisplayState-Appending.json in Resources */,
			);
			runOnlyForDeploymentPostprocessing = 0;
		};
		66847F521D3FAC9D00A0427A /* Resources */ = {
			isa = PBXResourcesBuildPhase;
			buildActionMask = 2147483647;
			files = (
				66847F5E1D3FAC9D00A0427A /* Assets.xcassets in Resources */,
				66100FED1D457A76009B2555 /* DisplayState-Specific.json in Resources */,
				66100FEE1D457A76009B2555 /* DisplayState-StartUp.json in Resources */,
				66100FEB1D457A76009B2555 /* DisplayState-Mixed.json in Resources */,
				66100FD11D4574C9009B2555 /* SimpleButtonModelCVCell.xib in Resources */,
				66100FEF1D457A76009B2555 /* DisplayState-Switching.json in Resources */,
				4DA7D88F1D51488E00AA018F /* SimpleCounterModelCVCell.xib in Resources */,
				66100FEC1D457A76009B2555 /* DisplayState-Persistent.json in Resources */,
				4DA7D8821D51444500AA018F /* SimpleVerticalSpaceModelCVCell.xib in Resources */,
				66847F5C1D3FAC9D00A0427A /* Main.storyboard in Resources */,
				4DA7D8911D514D5A00AA018F /* SimpleViewAnimationModelCVCell.xib in Resources */,
				4D832C941D4FF9BA0066A989 /* SimpleTextFieldModelCVCell.xib in Resources */,
				66DAE6CC1D41212100718125 /* SimpleLabelModelCVCell.xib in Resources */,
				66100FE91D457A76009B2555 /* DisplayState-Animations.json in Resources */,
				66DAE6CA1D411B5D00718125 /* DemoViewController.xib in Resources */,
				66100FEA1D457A76009B2555 /* DisplayState-Appending.json in Resources */,
			);
			runOnlyForDeploymentPostprocessing = 0;
		};
/* End PBXResourcesBuildPhase section */

/* Begin PBXSourcesBuildPhase section */
		4D5439C31CA75C4500AA882D /* Sources */ = {
			isa = PBXSourcesBuildPhase;
			buildActionMask = 2147483647;
			files = (
				66AAF7321D379D7C00A4B1FC /* ViewController.swift in Sources */,
				66AAF7401D379D7C00A4B1FC /* SimpleLabelModelCVCell.swift in Sources */,
				66AAF7421D379D7C00A4B1FC /* SimpleViewAnimationModelCVCell.swift in Sources */,
				66AAF7261D379D7C00A4B1FC /* AppDelegate.swift in Sources */,
				66AAF73B1D379D7C00A4B1FC /* SimpleLabelModel.swift in Sources */,
				66AAF6F21D379D6C00A4B1FC /* UIPheonix.swift in Sources */,
				66AAF6F41D379D6C00A4B1FC /* UIPBaseCVCellModel.swift in Sources */,
				66AAF72A1D379D7C00A4B1FC /* DemoViewController.swift in Sources */,
				66AAF7431D379D7C00A4B1FC /* SimpleVerticalSpaceModelCVCell.swift in Sources */,
				66AAF73A1D379D7C00A4B1FC /* SimpleButtonModel.swift in Sources */,
				4DA5F88F1D57CEF80049956B /* UIPMisc.swift in Sources */,
				66AAF6F61D379D6C00A4B1FC /* UIPDelegates.swift in Sources */,
				66AAF6F51D379D6C00A4B1FC /* UIPBaseCVCellProtocol.swift in Sources */,
				66AAF74B1D37DA7100A4B1FC /* SimpleCounterModelCVCell.swift in Sources */,
				66AAF73E1D379D7C00A4B1FC /* SimpleVerticalSpaceModel.swift in Sources */,
				66AAF6F81D379D6C00A4B1FC /* UIPBaseCVCellView.swift in Sources */,
				66AAF73F1D379D7C00A4B1FC /* SimpleButtonModelCVCell.swift in Sources */,
				66AAF6F71D379D6C00A4B1FC /* UIPInstantiatable.swift in Sources */,
				66AAF7391D379D7C00A4B1FC /* Enums.swift in Sources */,
				66AAF7491D37DA6700A4B1FC /* SimpleCounterModel.swift in Sources */,
				66AAF7411D379D7C00A4B1FC /* SimpleTextFieldModelCVCell.swift in Sources */,
				66AAF73C1D379D7C00A4B1FC /* SimpleTextFieldModel.swift in Sources */,
				66AAF73D1D379D7C00A4B1FC /* SimpleViewAnimationModel.swift in Sources */,
			);
			runOnlyForDeploymentPostprocessing = 0;
		};
		4D6FADF41D53E9B400A31C8F /* Sources */ = {
			isa = PBXSourcesBuildPhase;
			buildActionMask = 2147483647;
			files = (
				4D3C7A791D5BF6BD0006C7AE /* SimpleButtonModelCVCell.swift in Sources */,
				4D6FADFD1D53E9B500A31C8F /* ViewController.swift in Sources */,
				4D74B2E61D53F23F00682A02 /* Enums.swift in Sources */,
				4D74B2E91D53F24300682A02 /* SimpleLabelModel.swift in Sources */,
				4DAB68FA1D5E871D00BFF15A /* SimpleCounterModel.swift in Sources */,
				4DAB68FB1D5E872000BFF15A /* SimpleCounterModelCVCell.swift in Sources */,
				4DA5F8951D57D31B0049956B /* CustomViewControllerPresentationAnimator.swift in Sources */,
				4DAB68F61D5E77F600BFF15A /* SimpleTextFieldModel.swift in Sources */,
				4D6FADFB1D53E9B500A31C8F /* AppDelegate.swift in Sources */,
				4DA5F8921D57CF5E0049956B /* UIPMisc.swift in Sources */,
				4DC5670D1D59405F005A3F70 /* SimpleLabelModelCVCell.swift in Sources */,
				4DA5F8901D57CF540049956B /* DemoViewController.swift in Sources */,
				4D3C7A7A1D5BF79A0006C7AE /* SimpleButtonModel.swift in Sources */,
				4D74B2F31D53F2AC00682A02 /* UIPheonix.swift in Sources */,
				4D74B2F51D53F2AC00682A02 /* UIPBaseCVCellModel.swift in Sources */,
				4DBE5A7C1D626C82001ED6F5 /* SimpleViewAnimationModelCVCell.swift in Sources */,
				4D74B2F81D53F2AC00682A02 /* UIPInstantiatable.swift in Sources */,
				4D74B2F71D53F2AC00682A02 /* UIPDelegates.swift in Sources */,
				4DAB68F21D5E6E3300BFF15A /* SimpleVerticalSpaceModel.swift in Sources */,
				4DAB68F71D5E77F900BFF15A /* SimpleTextFieldModelCVCell.swift in Sources */,
				4D74B2F61D53F2AC00682A02 /* UIPBaseCVCellProtocol.swift in Sources */,
				4D74B2F91D53F2AC00682A02 /* UIPBaseCVCellView.swift in Sources */,
				4DAB68F31D5E6E6100BFF15A /* SimpleVerticalSpaceModelCVCell.swift in Sources */,
				4DBE5A7D1D626C92001ED6F5 /* SimpleViewAnimationModel.swift in Sources */,
			);
			runOnlyForDeploymentPostprocessing = 0;
		};
		66847F501D3FAC9D00A0427A /* Sources */ = {
			isa = PBXSourcesBuildPhase;
			buildActionMask = 2147483647;
			files = (
				66847F671D3FAE9C00A0427A /* DemoViewController.swift in Sources */,
				66847F741D3FAF5900A0427A /* SimpleTextFieldModel.swift in Sources */,
				66847F7B1D3FAF5E00A0427A /* SimpleViewAnimationModelCVCell.swift in Sources */,
				66847F751D3FAF5900A0427A /* SimpleViewAnimationModel.swift in Sources */,
				66847F771D3FAF5E00A0427A /* SimpleButtonModelCVCell.swift in Sources */,
				66847F821D3FAF7300A0427A /* UIPInstantiatable.swift in Sources */,
				66847F591D3FAC9D00A0427A /* ViewController.swift in Sources */,
				66847F811D3FAF7300A0427A /* UIPDelegates.swift in Sources */,
				66847F791D3FAF5E00A0427A /* SimpleLabelModelCVCell.swift in Sources */,
				66847F691D3FAF4E00A0427A /* Enums.swift in Sources */,
				66847F7F1D3FAF6E00A0427A /* UIPBaseCVCellModel.swift in Sources */,
				66847F801D3FAF7300A0427A /* UIPBaseCVCellProtocol.swift in Sources */,
				66847F7C1D3FAF5E00A0427A /* SimpleVerticalSpaceModelCVCell.swift in Sources */,
				66847F841D3FB1CB00A0427A /* SimpleCounterModelCVCell.swift in Sources */,
				66847F731D3FAF5900A0427A /* SimpleLabelModel.swift in Sources */,
				66847F7D1D3FAF6500A0427A /* UIPheonix.swift in Sources */,
				66847F831D3FAF7600A0427A /* UIPBaseCVCellView.swift in Sources */,
				4DA5F8911D57CF5E0049956B /* UIPMisc.swift in Sources */,
				66847F761D3FAF5900A0427A /* SimpleVerticalSpaceModel.swift in Sources */,
				66847F711D3FAF5900A0427A /* SimpleButtonModel.swift in Sources */,
				66847F721D3FAF5900A0427A /* SimpleCounterModel.swift in Sources */,
				66847F7A1D3FAF5E00A0427A /* SimpleTextFieldModelCVCell.swift in Sources */,
				66847F571D3FAC9D00A0427A /* AppDelegate.swift in Sources */,
			);
			runOnlyForDeploymentPostprocessing = 0;
		};
/* End PBXSourcesBuildPhase section */

/* Begin PBXVariantGroup section */
		4D6FAE001D53E9B500A31C8F /* Main.storyboard */ = {
			isa = PBXVariantGroup;
			children = (
				4D6FAE011D53E9B500A31C8F /* Base */,
			);
			name = Main.storyboard;
			sourceTree = "<group>";
		};
		66847F5A1D3FAC9D00A0427A /* Main.storyboard */ = {
			isa = PBXVariantGroup;
			children = (
				66847F5B1D3FAC9D00A0427A /* Base */,
			);
			name = Main.storyboard;
			sourceTree = "<group>";
		};
		66AAF7001D379D7C00A4B1FC /* LaunchScreen.storyboard */ = {
			isa = PBXVariantGroup;
			children = (
				66AAF7011D379D7C00A4B1FC /* Base */,
			);
			name = LaunchScreen.storyboard;
			sourceTree = "<group>";
		};
		66AAF7021D379D7C00A4B1FC /* Main.storyboard */ = {
			isa = PBXVariantGroup;
			children = (
				66AAF7031D379D7C00A4B1FC /* Base */,
			);
			name = Main.storyboard;
			sourceTree = "<group>";
		};
/* End PBXVariantGroup section */

/* Begin XCBuildConfiguration section */
		4D5439ED1CA75C4600AA882D /* Debug */ = {
			isa = XCBuildConfiguration;
			baseConfigurationReference = 4D3E212D1D6E3A91009F8E2B /* UIPheonix_DEBUG.xcconfig */;
			buildSettings = {
				ALWAYS_SEARCH_USER_PATHS = NO;
				ASSETCATALOG_COMPILER_OPTIMIZATION = time;
				CLANG_ANALYZER_NONNULL = YES;
				CLANG_ANALYZER_SECURITY_FLOATLOOPCOUNTER = YES;
				CLANG_ANALYZER_SECURITY_INSECUREAPI_RAND = YES;
				CLANG_ANALYZER_SECURITY_INSECUREAPI_STRCPY = YES;
				CLANG_ENABLE_MODULES = YES;
				CLANG_ENABLE_OBJC_ARC = YES;
				CLANG_STATIC_ANALYZER_MODE = deep;
				CLANG_WARN_ASSIGN_ENUM = YES;
				CLANG_WARN_BOOL_CONVERSION = YES;
				CLANG_WARN_CONSTANT_CONVERSION = YES;
				CLANG_WARN_DEPRECATED_OBJC_IMPLEMENTATIONS = YES;
				CLANG_WARN_DIRECT_OBJC_ISA_USAGE = YES_ERROR;
				CLANG_WARN_EMPTY_BODY = YES;
				CLANG_WARN_ENUM_CONVERSION = YES;
				CLANG_WARN_IMPLICIT_SIGN_CONVERSION = YES;
				CLANG_WARN_INFINITE_RECURSION = YES;
				CLANG_WARN_INT_CONVERSION = YES;
				CLANG_WARN_OBJC_EXPLICIT_OWNERSHIP_TYPE = YES;
				CLANG_WARN_OBJC_IMPLICIT_ATOMIC_PROPERTIES = YES;
				CLANG_WARN_OBJC_IMPLICIT_RETAIN_SELF = YES;
				CLANG_WARN_OBJC_MISSING_PROPERTY_SYNTHESIS = YES;
				CLANG_WARN_OBJC_REPEATED_USE_OF_WEAK = YES;
				CLANG_WARN_OBJC_ROOT_CLASS = YES_ERROR;
				CLANG_WARN_SUSPICIOUS_IMPLICIT_CONVERSION = YES;
				CLANG_WARN_UNREACHABLE_CODE = YES;
				CLANG_WARN__DUPLICATE_METHOD_MATCH = YES;
				COPY_PHASE_STRIP = NO;
				ENABLE_STRICT_OBJC_MSGSEND = YES;
				ENABLE_TESTABILITY = YES;
				GCC_DYNAMIC_NO_PIC = NO;
				GCC_FAST_MATH = YES;
				GCC_INSTRUMENT_PROGRAM_FLOW_ARCS = YES;
				GCC_NO_COMMON_BLOCKS = YES;
				GCC_OPTIMIZATION_LEVEL = 0;
				GCC_PREPROCESSOR_DEFINITIONS = (
					"DEBUG=1",
					"$(inherited)",
				);
				GCC_UNROLL_LOOPS = YES;
				GCC_WARN_64_TO_32_BIT_CONVERSION = YES;
				GCC_WARN_ABOUT_MISSING_NEWLINE = YES;
				GCC_WARN_ABOUT_MISSING_PROTOTYPES = YES;
				GCC_WARN_ABOUT_RETURN_TYPE = YES_ERROR;
				GCC_WARN_INITIALIZER_NOT_FULLY_BRACKETED = YES;
				GCC_WARN_SHADOW = YES;
				GCC_WARN_SIGN_COMPARE = YES;
				GCC_WARN_STRICT_SELECTOR_MATCH = YES;
				GCC_WARN_UNDECLARED_SELECTOR = YES;
				GCC_WARN_UNINITIALIZED_AUTOS = YES_AGGRESSIVE;
				GCC_WARN_UNKNOWN_PRAGMAS = YES;
				GCC_WARN_UNUSED_FUNCTION = YES;
				GCC_WARN_UNUSED_LABEL = YES;
				GCC_WARN_UNUSED_PARAMETER = YES;
				GCC_WARN_UNUSED_VARIABLE = YES;
				GENERATE_PROFILING_CODE = YES;
				MTL_ENABLE_DEBUG_INFO = YES;
				ONLY_ACTIVE_ARCH = YES;
				OTHER_SWIFT_FLAGS = "-D DEBUG -Xfrontend -debug-time-function-bodies";
				RUN_CLANG_STATIC_ANALYZER = YES;
				SDKROOT = iphoneos;
				STRIP_INSTALLED_PRODUCT = NO;
				SWIFT_OPTIMIZATION_LEVEL = "-Onone";
				SWIFT_VERSION = 3.0;
				TARGETED_DEVICE_FAMILY = "1,2";
				WARNING_CFLAGS = (
					"-Wall",
					"-Weverything",
					"-Wextra",
				);
			};
			name = Debug;
		};
		4D5439EE1CA75C4600AA882D /* Release */ = {
			isa = XCBuildConfiguration;
			baseConfigurationReference = 4D3E212C1D6E3A91009F8E2B /* UIPheonix_RELEASE.xcconfig */;
			buildSettings = {
				ALWAYS_SEARCH_USER_PATHS = NO;
				ASSETCATALOG_COMPILER_OPTIMIZATION = time;
				CLANG_ANALYZER_NONNULL = YES;
				CLANG_ANALYZER_SECURITY_FLOATLOOPCOUNTER = YES;
				CLANG_ANALYZER_SECURITY_INSECUREAPI_RAND = YES;
				CLANG_ANALYZER_SECURITY_INSECUREAPI_STRCPY = YES;
				CLANG_ENABLE_MODULES = YES;
				CLANG_ENABLE_OBJC_ARC = YES;
				CLANG_STATIC_ANALYZER_MODE = deep;
				CLANG_WARN_ASSIGN_ENUM = YES;
				CLANG_WARN_BOOL_CONVERSION = YES;
				CLANG_WARN_CONSTANT_CONVERSION = YES;
				CLANG_WARN_DEPRECATED_OBJC_IMPLEMENTATIONS = YES;
				CLANG_WARN_DIRECT_OBJC_ISA_USAGE = YES_ERROR;
				CLANG_WARN_EMPTY_BODY = YES;
				CLANG_WARN_ENUM_CONVERSION = YES;
				CLANG_WARN_IMPLICIT_SIGN_CONVERSION = YES;
				CLANG_WARN_INFINITE_RECURSION = YES;
				CLANG_WARN_INT_CONVERSION = YES;
				CLANG_WARN_OBJC_EXPLICIT_OWNERSHIP_TYPE = YES;
				CLANG_WARN_OBJC_IMPLICIT_ATOMIC_PROPERTIES = YES;
				CLANG_WARN_OBJC_IMPLICIT_RETAIN_SELF = YES;
				CLANG_WARN_OBJC_MISSING_PROPERTY_SYNTHESIS = YES;
				CLANG_WARN_OBJC_REPEATED_USE_OF_WEAK = YES;
				CLANG_WARN_OBJC_ROOT_CLASS = YES_ERROR;
				CLANG_WARN_SUSPICIOUS_IMPLICIT_CONVERSION = YES;
				CLANG_WARN_UNREACHABLE_CODE = YES;
				CLANG_WARN__DUPLICATE_METHOD_MATCH = YES;
				ENABLE_NS_ASSERTIONS = NO;
				ENABLE_STRICT_OBJC_MSGSEND = YES;
				GCC_FAST_MATH = YES;
				GCC_INSTRUMENT_PROGRAM_FLOW_ARCS = YES;
				GCC_NO_COMMON_BLOCKS = YES;
				GCC_OPTIMIZATION_LEVEL = fast;
				GCC_UNROLL_LOOPS = YES;
				GCC_WARN_64_TO_32_BIT_CONVERSION = YES;
				GCC_WARN_ABOUT_MISSING_NEWLINE = YES;
				GCC_WARN_ABOUT_MISSING_PROTOTYPES = YES;
				GCC_WARN_ABOUT_RETURN_TYPE = YES_ERROR;
				GCC_WARN_INITIALIZER_NOT_FULLY_BRACKETED = YES;
				GCC_WARN_SHADOW = YES;
				GCC_WARN_SIGN_COMPARE = YES;
				GCC_WARN_STRICT_SELECTOR_MATCH = YES;
				GCC_WARN_UNDECLARED_SELECTOR = YES;
				GCC_WARN_UNINITIALIZED_AUTOS = YES_AGGRESSIVE;
				GCC_WARN_UNKNOWN_PRAGMAS = YES;
				GCC_WARN_UNUSED_FUNCTION = YES;
				GCC_WARN_UNUSED_LABEL = YES;
				GCC_WARN_UNUSED_PARAMETER = YES;
				GCC_WARN_UNUSED_VARIABLE = YES;
				MTL_ENABLE_DEBUG_INFO = NO;
				OTHER_SWIFT_FLAGS = "-Xfrontend -debug-time-function-bodies";
				RUN_CLANG_STATIC_ANALYZER = YES;
				SDKROOT = iphoneos;
				SWIFT_OPTIMIZATION_LEVEL = "-Owholemodule";
				SWIFT_VERSION = 3.0;
				TARGETED_DEVICE_FAMILY = "1,2";
				VALIDATE_PRODUCT = YES;
				WARNING_CFLAGS = (
					"-Wall",
					"-Weverything",
					"-Wextra",
				);
			};
			name = Release;
		};
		4D5439F01CA75C4600AA882D /* Debug */ = {
			isa = XCBuildConfiguration;
			baseConfigurationReference = 4D3E212D1D6E3A91009F8E2B /* UIPheonix_DEBUG.xcconfig */;
			buildSettings = {
				ASSETCATALOG_COMPILER_APPICON_NAME = AppIcon;
				INFOPLIST_FILE = iOS/Info.plist;
				IPHONEOS_DEPLOYMENT_TARGET = 9.0;
				PRODUCT_BUNDLE_IDENTIFIER = "com.mohsankhan.UIPheonixDemo-iOS";
				PRODUCT_NAME = "$(TARGET_NAME)";
			};
			name = Debug;
		};
		4D5439F11CA75C4600AA882D /* Release */ = {
			isa = XCBuildConfiguration;
			baseConfigurationReference = 4D3E212C1D6E3A91009F8E2B /* UIPheonix_RELEASE.xcconfig */;
			buildSettings = {
				ASSETCATALOG_COMPILER_APPICON_NAME = AppIcon;
				INFOPLIST_FILE = iOS/Info.plist;
				IPHONEOS_DEPLOYMENT_TARGET = 9.0;
				PRODUCT_BUNDLE_IDENTIFIER = "com.mohsankhan.UIPheonixDemo-iOS";
				PRODUCT_NAME = "$(TARGET_NAME)";
			};
			name = Release;
		};
		4D6FAE041D53E9B500A31C8F /* Debug */ = {
			isa = XCBuildConfiguration;
			baseConfigurationReference = 4D3E212D1D6E3A91009F8E2B /* UIPheonix_DEBUG.xcconfig */;
			buildSettings = {
				ASSETCATALOG_COMPILER_APPICON_NAME = AppIcon;
				CLANG_WARN_INFINITE_RECURSION = YES;
				CLANG_WARN_SUSPICIOUS_MOVES = YES;
				INFOPLIST_FILE = macOS/Info.plist;
				MACOSX_DEPLOYMENT_TARGET = 10.11;
				PRODUCT_BUNDLE_IDENTIFIER = "com.mohsankhan.UIPheonixDemo-macOS";
				PRODUCT_NAME = "$(TARGET_NAME)";
				SDKROOT = macosx;
				SWIFT_ACTIVE_COMPILATION_CONDITIONS = DEBUG;
			};
			name = Debug;
		};
		4D6FAE051D53E9B500A31C8F /* Release */ = {
			isa = XCBuildConfiguration;
			baseConfigurationReference = 4D3E212C1D6E3A91009F8E2B /* UIPheonix_RELEASE.xcconfig */;
			buildSettings = {
				ASSETCATALOG_COMPILER_APPICON_NAME = AppIcon;
				CLANG_WARN_INFINITE_RECURSION = YES;
				CLANG_WARN_SUSPICIOUS_MOVES = YES;
				INFOPLIST_FILE = macOS/Info.plist;
				MACOSX_DEPLOYMENT_TARGET = 10.11;
				PRODUCT_BUNDLE_IDENTIFIER = "com.mohsankhan.UIPheonixDemo-macOS";
				PRODUCT_NAME = "$(TARGET_NAME)";
				SDKROOT = macosx;
			};
			name = Release;
		};
		66847F601D3FAC9D00A0427A /* Debug */ = {
			isa = XCBuildConfiguration;
			baseConfigurationReference = 4D3E212D1D6E3A91009F8E2B /* UIPheonix_DEBUG.xcconfig */;
			buildSettings = {
				ASSETCATALOG_COMPILER_APPICON_NAME = "App Icon & Top Shelf Image";
				ASSETCATALOG_COMPILER_LAUNCHIMAGE_NAME = LaunchImage;
				INFOPLIST_FILE = tvOS/Info.plist;
				PRODUCT_BUNDLE_IDENTIFIER = "com.mohsankhan.UIPheonixDemo-tvOS";
				PRODUCT_NAME = "$(TARGET_NAME)";
				SDKROOT = appletvos;
				SWIFT_ACTIVE_COMPILATION_CONDITIONS = DEBUG;
				TARGETED_DEVICE_FAMILY = 3;
				TVOS_DEPLOYMENT_TARGET = 9.0;
			};
			name = Debug;
		};
		66847F611D3FAC9D00A0427A /* Release */ = {
			isa = XCBuildConfiguration;
			baseConfigurationReference = 4D3E212C1D6E3A91009F8E2B /* UIPheonix_RELEASE.xcconfig */;
			buildSettings = {
				ASSETCATALOG_COMPILER_APPICON_NAME = "App Icon & Top Shelf Image";
				ASSETCATALOG_COMPILER_LAUNCHIMAGE_NAME = LaunchImage;
				INFOPLIST_FILE = tvOS/Info.plist;
				PRODUCT_BUNDLE_IDENTIFIER = "com.mohsankhan.UIPheonixDemo-tvOS";
				PRODUCT_NAME = "$(TARGET_NAME)";
				SDKROOT = appletvos;
				TARGETED_DEVICE_FAMILY = 3;
				TVOS_DEPLOYMENT_TARGET = 9.0;
			};
			name = Release;
		};
/* End XCBuildConfiguration section */

/* Begin XCConfigurationList section */
		4D5439C21CA75C4500AA882D /* Build configuration list for PBXProject "UIPheonixDemo" */ = {
			isa = XCConfigurationList;
			buildConfigurations = (
				4D5439ED1CA75C4600AA882D /* Debug */,
				4D5439EE1CA75C4600AA882D /* Release */,
			);
			defaultConfigurationIsVisible = 0;
			defaultConfigurationName = Release;
		};
		4D5439EF1CA75C4600AA882D /* Build configuration list for PBXNativeTarget "UIPheonixDemo-iOS" */ = {
			isa = XCConfigurationList;
			buildConfigurations = (
				4D5439F01CA75C4600AA882D /* Debug */,
				4D5439F11CA75C4600AA882D /* Release */,
			);
			defaultConfigurationIsVisible = 0;
			defaultConfigurationName = Release;
		};
		4D6FAE061D53E9B500A31C8F /* Build configuration list for PBXNativeTarget "UIPheonixDemo-macOS" */ = {
			isa = XCConfigurationList;
			buildConfigurations = (
				4D6FAE041D53E9B500A31C8F /* Debug */,
				4D6FAE051D53E9B500A31C8F /* Release */,
			);
			defaultConfigurationIsVisible = 0;
			defaultConfigurationName = Release;
		};
		66847F621D3FAC9D00A0427A /* Build configuration list for PBXNativeTarget "UIPheonixDemo-tvOS" */ = {
			isa = XCConfigurationList;
			buildConfigurations = (
				66847F601D3FAC9D00A0427A /* Debug */,
				66847F611D3FAC9D00A0427A /* Release */,
			);
			defaultConfigurationIsVisible = 0;
			defaultConfigurationName = Release;
		};
/* End XCConfigurationList section */
	};
	rootObject = 4D5439BF1CA75C4500AA882D /* Project object */;
}
